
Microsoft Visual Studio Solution File, Format Version 12.00
# Visual Studio Version 17
VisualStudioVersion = 17.4.33110.190
MinimumVisualStudioVersion = 10.0.40219.1
Project("{FAE04EC0-301F-11D3-BF4B-00C04F79EFBC}") = "Modern Araz app", "Modern Araz app\Modern Araz app.csproj", "{FA0645AA-911C-4761-8871-5426EE01EEE5}"
EndProject
Global
	GlobalSection(SolutionConfigurationPlatforms) = preSolution
		Debug|Any CPU = Debug|Any CPU
		Release|Any CPU = Release|Any CPU
	EndGlobalSection
	GlobalSection(ProjectConfigurationPlatforms) = postSolution
		{FA0645AA-911C-4761-8871-5426EE01EEE5}.Debug|Any CPU.ActiveCfg = Debug|Any CPU
		{FA0645AA-911C-4761-8871-5426EE01EEE5}.Debug|Any CPU.Build.0 = Debug|Any CPU
		{FA0645AA-911C-4761-8871-5426EE01EEE5}.Release|Any CPU.ActiveCfg = Release|Any CPU
		{FA0645AA-911C-4761-8871-5426EE01EEE5}.Release|Any CPU.Build.0 = Release|Any CPU
	EndGlobalSection
	GlobalSection(SolutionProperties) = preSolution
		HideSolutionNode = FALSE
	EndGlobalSection
	GlobalSection(ExtensibilityGlobals) = postSolution
		SolutionGuid = {BDBA1AAD-FD4C-4599-A17D-8C85C8317B26}
	EndGlobalSection
EndGlobal
